
Microsoft Visual Studio Solution File, Format Version 12.00
# Visual Studio Version 17
VisualStudioVersion = 17.0.31903.59
MinimumVisualStudioVersion = 10.0.40219.1
Project("{2150E333-8FDC-42A3-9474-1A3956D46DE8}") = "src", "src", "{FDAFD70F-4A23-4E53-8575-04FE971F1594}"
EndProject
Project("{FAE04EC0-301F-11D3-BF4B-00C04F79EFBC}") = "Service.ProductCatalog", "src\Service.ProductCatalog\Service.ProductCatalog.csproj", "{C6AB7C51-FD05-413F-B099-8B743357ADC9}"
EndProject
Project("{FAE04EC0-301F-11D3-BF4B-00C04F79EFBC}") = "Service.ProductCatalog.Api", "src\Service.ProductCatalog.Api\Service.ProductCatalog.Api.csproj", "{CF83EC11-B6AF-43C4-A4C9-68784CEFAE08}"
EndProject
Project("{2150E333-8FDC-42A3-9474-1A3956D46DE8}") = "tests", "tests", "{ED935123-9E11-4871-B91B-648CDFC97882}"
EndProject
Project("{FAE04EC0-301F-11D3-BF4B-00C04F79EFBC}") = "Service.ProductCatalog.Tests", "tests\Service.ProductCatalog.Tests\Service.ProductCatalog.Tests.csproj", "{4A506919-3E1B-4083-82B4-8A675513B502}"
EndProject
Global
	GlobalSection(SolutionConfigurationPlatforms) = preSolution
		Debug|Any CPU = Debug|Any CPU
		Release|Any CPU = Release|Any CPU
	EndGlobalSection
	GlobalSection(SolutionProperties) = preSolution
		HideSolutionNode = FALSE
	EndGlobalSection
	GlobalSection(ProjectConfigurationPlatforms) = postSolution
		{C6AB7C51-FD05-413F-B099-8B743357ADC9}.Debug|Any CPU.ActiveCfg = Debug|Any CPU
		{C6AB7C51-FD05-413F-B099-8B743357ADC9}.Debug|Any CPU.Build.0 = Debug|Any CPU
		{C6AB7C51-FD05-413F-B099-8B743357ADC9}.Release|Any CPU.ActiveCfg = Release|Any CPU
		{C6AB7C51-FD05-413F-B099-8B743357ADC9}.Release|Any CPU.Build.0 = Release|Any CPU
		{CF83EC11-B6AF-43C4-A4C9-68784CEFAE08}.Debug|Any CPU.ActiveCfg = Debug|Any CPU
		{CF83EC11-B6AF-43C4-A4C9-68784CEFAE08}.Debug|Any CPU.Build.0 = Debug|Any CPU
		{CF83EC11-B6AF-43C4-A4C9-68784CEFAE08}.Release|Any CPU.ActiveCfg = Release|Any CPU
		{CF83EC11-B6AF-43C4-A4C9-68784CEFAE08}.Release|Any CPU.Build.0 = Release|Any CPU
		{4A506919-3E1B-4083-82B4-8A675513B502}.Debug|Any CPU.ActiveCfg = Debug|Any CPU
		{4A506919-3E1B-4083-82B4-8A675513B502}.Debug|Any CPU.Build.0 = Debug|Any CPU
		{4A506919-3E1B-4083-82B4-8A675513B502}.Release|Any CPU.ActiveCfg = Release|Any CPU
		{4A506919-3E1B-4083-82B4-8A675513B502}.Release|Any CPU.Build.0 = Release|Any CPU
	EndGlobalSection
	GlobalSection(NestedProjects) = preSolution
		{C6AB7C51-FD05-413F-B099-8B743357ADC9} = {FDAFD70F-4A23-4E53-8575-04FE971F1594}
		{CF83EC11-B6AF-43C4-A4C9-68784CEFAE08} = {FDAFD70F-4A23-4E53-8575-04FE971F1594}
		{4A506919-3E1B-4083-82B4-8A675513B502} = {ED935123-9E11-4871-B91B-648CDFC97882}
	EndGlobalSection
EndGlobal
